{
  "name": "travel-deal-finder",
  "version": "0.1.0",
  "lockfileVersion": 3,
  "requires": true,
  "packages": {
    "": {
      "name": "travel-deal-finder",
      "version": "0.1.0",
      "license": "MIT",
      "devDependencies": {},
      "engines": {
        "node": ">=16"
      }
    }
  }
}
